
Microsoft Visual Studio Solution File, Format Version 12.00
# Visual Studio Version 17
VisualStudioVersion = 17.5.33530.505
MinimumVisualStudioVersion = 10.0.40219.1
Project("{FAE04EC0-301F-11D3-BF4B-00C04F79EFBC}") = "eAuction_Part2", "eAuction_Part2\eAuction_Part2.csproj", "{FC55E6A7-97CB-483C-8A47-A430FDD1A1A5}"
EndProject
Global
	GlobalSection(SolutionConfigurationPlatforms) = preSolution
		Debug|Any CPU = Debug|Any CPU
		Release|Any CPU = Release|Any CPU
	EndGlobalSection
	GlobalSection(ProjectConfigurationPlatforms) = postSolution
		{FC55E6A7-97CB-483C-8A47-A430FDD1A1A5}.Debug|Any CPU.ActiveCfg = Debug|Any CPU
		{FC55E6A7-97CB-483C-8A47-A430FDD1A1A5}.Debug|Any CPU.Build.0 = Debug|Any CPU
		{FC55E6A7-97CB-483C-8A47-A430FDD1A1A5}.Release|Any CPU.ActiveCfg = Release|Any CPU
		{FC55E6A7-97CB-483C-8A47-A430FDD1A1A5}.Release|Any CPU.Build.0 = Release|Any CPU
	EndGlobalSection
	GlobalSection(SolutionProperties) = preSolution
		HideSolutionNode = FALSE
	EndGlobalSection
	GlobalSection(ExtensibilityGlobals) = postSolution
		SolutionGuid = {3FEB8C00-2C57-470B-90A7-D820357C987C}
	EndGlobalSection
EndGlobal
